
Microsoft Visual Studio Solution File, Format Version 12.00
# Visual Studio Version 17
VisualStudioVersion = 17.8.34322.80
MinimumVisualStudioVersion = 10.0.40219.1
Project("{FAE04EC0-301F-11D3-BF4B-00C04F79EFBC}") = "OrdersManagerApp", "OrdersManagerApp\OrdersManagerApp.csproj", "{9DB33696-3D14-46E4-824B-989E0A97371B}"
EndProject
Global
	GlobalSection(SolutionConfigurationPlatforms) = preSolution
		Debug|Any CPU = Debug|Any CPU
		Release|Any CPU = Release|Any CPU
	EndGlobalSection
	GlobalSection(ProjectConfigurationPlatforms) = postSolution
		{9DB33696-3D14-46E4-824B-989E0A97371B}.Debug|Any CPU.ActiveCfg = Debug|Any CPU
		{9DB33696-3D14-46E4-824B-989E0A97371B}.Debug|Any CPU.Build.0 = Debug|Any CPU
		{9DB33696-3D14-46E4-824B-989E0A97371B}.Release|Any CPU.ActiveCfg = Release|Any CPU
		{9DB33696-3D14-46E4-824B-989E0A97371B}.Release|Any CPU.Build.0 = Release|Any CPU
	EndGlobalSection
	GlobalSection(SolutionProperties) = preSolution
		HideSolutionNode = FALSE
	EndGlobalSection
	GlobalSection(ExtensibilityGlobals) = postSolution
		SolutionGuid = {EE8DFB13-C380-40D5-8218-99EF98DD13B9}
	EndGlobalSection
EndGlobal
